
Microsoft Visual Studio Solution File, Format Version 12.00
# Visual Studio Version 17
VisualStudioVersion = 17.8.34511.84
MinimumVisualStudioVersion = 10.0.40219.1
Project("{FAE04EC0-301F-11D3-BF4B-00C04F79EFBC}") = "Restaurante", "Restaurante.csproj", "{159F1B50-929B-47A0-AFB3-C31D0D7B49FC}"
EndProject
Global
	GlobalSection(SolutionConfigurationPlatforms) = preSolution
		Debug|Any CPU = Debug|Any CPU
		Release|Any CPU = Release|Any CPU
	EndGlobalSection
	GlobalSection(ProjectConfigurationPlatforms) = postSolution
		{159F1B50-929B-47A0-AFB3-C31D0D7B49FC}.Debug|Any CPU.ActiveCfg = Debug|Any CPU
		{159F1B50-929B-47A0-AFB3-C31D0D7B49FC}.Debug|Any CPU.Build.0 = Debug|Any CPU
		{159F1B50-929B-47A0-AFB3-C31D0D7B49FC}.Release|Any CPU.ActiveCfg = Release|Any CPU
		{159F1B50-929B-47A0-AFB3-C31D0D7B49FC}.Release|Any CPU.Build.0 = Release|Any CPU
	EndGlobalSection
	GlobalSection(SolutionProperties) = preSolution
		HideSolutionNode = FALSE
	EndGlobalSection
	GlobalSection(ExtensibilityGlobals) = postSolution
		SolutionGuid = {55BACDD5-C34A-466F-AC13-D189BDE018AB}
	EndGlobalSection
EndGlobal
